{
  "name": "bridzius.lt",
  "version": "1.0.0",
  "lockfileVersion": 1,
  "requires": true,
  "dependencies": {
    "blankpage": {
      "version": "2.3.0",
      "resolved": "https://registry.npmjs.org/blankpage/-/blankpage-2.3.0.tgz",
      "integrity": "sha512-AywYwAHFoz9HTF7dZGY7y6/i3J/o3DstzZ/II+YNPJsQaQY65GTce4x7rAPOS09Mcbah9j6qzQoqSxnyEl4kTg==",
      "requires": {
        "highlight.js": "^10.3.1",
        "marked": "^1.2.0"
      }
    },
    "highlight.js": {
      "version": "10.4.1",
      "resolved": "https://registry.npmjs.org/highlight.js/-/highlight.js-10.4.1.tgz",
      "integrity": "sha512-yR5lWvNz7c85OhVAEAeFhVCc/GV4C30Fjzc/rCP0aCWzc1UUOPUk55dK/qdwTZHBvMZo+eZ2jpk62ndX/xMFlg=="
    },
    "marked": {
      "version": "1.2.3",
      "resolved": "https://registry.npmjs.org/marked/-/marked-1.2.3.tgz",
      "integrity": "sha512-RQuL2i6I6Gn+9n81IDNGbL0VHnta4a+8ZhqvryXEniTb/hQNtf3i26hi1XWUhzb9BgVyWHKR3UO8MaHtKoYibw=="
    }
  }
}
