{
  "name": "bridzius.lt",
  "version": "1.0.0",
  "lockfileVersion": 2,
  "requires": true,
  "packages": {
    "": {
      "version": "1.0.0",
      "license": "ISC",
      "dependencies": {
        "blankpage": "^2.3.0"
      }
    },
    "node_modules/blankpage": {
      "version": "2.3.0",
      "resolved": "https://registry.npmjs.org/blankpage/-/blankpage-2.3.0.tgz",
      "integrity": "sha512-AywYwAHFoz9HTF7dZGY7y6/i3J/o3DstzZ/II+YNPJsQaQY65GTce4x7rAPOS09Mcbah9j6qzQoqSxnyEl4kTg==",
      "dependencies": {
        "highlight.js": "^10.3.1",
        "marked": "^1.2.0"
      },
      "bin": {
        "blankpage": "dist/index.js"
      }
    },
    "node_modules/highlight.js": {
      "version": "10.3.2",
      "resolved": "https://registry.npmjs.org/highlight.js/-/highlight.js-10.3.2.tgz",
      "integrity": "sha512-3jRT7OUYsVsKvukNKZCtnvRcFyCJqSEIuIMsEybAXRiFSwpt65qjPd/Pr+UOdYt7WJlt+lj3+ypUsHiySBp/Jw==",
      "engines": {
        "node": "*"
      }
    },
    "node_modules/marked": {
      "version": "1.2.3",
      "resolved": "https://registry.npmjs.org/marked/-/marked-1.2.3.tgz",
      "integrity": "sha512-RQuL2i6I6Gn+9n81IDNGbL0VHnta4a+8ZhqvryXEniTb/hQNtf3i26hi1XWUhzb9BgVyWHKR3UO8MaHtKoYibw==",
      "bin": {
        "marked": "bin/marked"
      },
      "engines": {
        "node": ">= 8.16.2"
      }
    }
  },
  "dependencies": {
    "blankpage": {
      "version": "2.3.0",
      "resolved": "https://registry.npmjs.org/blankpage/-/blankpage-2.3.0.tgz",
      "integrity": "sha512-AywYwAHFoz9HTF7dZGY7y6/i3J/o3DstzZ/II+YNPJsQaQY65GTce4x7rAPOS09Mcbah9j6qzQoqSxnyEl4kTg==",
      "requires": {
        "highlight.js": "^10.3.1",
        "marked": "^1.2.0"
      }
    },
    "highlight.js": {
      "version": "10.3.2",
      "resolved": "https://registry.npmjs.org/highlight.js/-/highlight.js-10.3.2.tgz",
      "integrity": "sha512-3jRT7OUYsVsKvukNKZCtnvRcFyCJqSEIuIMsEybAXRiFSwpt65qjPd/Pr+UOdYt7WJlt+lj3+ypUsHiySBp/Jw=="
    },
    "marked": {
      "version": "1.2.3",
      "resolved": "https://registry.npmjs.org/marked/-/marked-1.2.3.tgz",
      "integrity": "sha512-RQuL2i6I6Gn+9n81IDNGbL0VHnta4a+8ZhqvryXEniTb/hQNtf3i26hi1XWUhzb9BgVyWHKR3UO8MaHtKoYibw=="
    }
  }
}
