{
  "name": "bridzius.lt",
  "version": "1.0.0",
  "lockfileVersion": 1,
  "requires": true,
  "dependencies": {
    "blankpage": {
      "version": "2.0.0",
      "resolved": "https://registry.npmjs.org/blankpage/-/blankpage-2.0.0.tgz",
      "integrity": "sha512-JrLr/IX3X+lvvcNsEnEWOfk3PDZD67oqfpe7p2DV86Ycx/1xzPgSgDltewNYkBWIcxyDhXJxSHI09OyU87mWxg==",
      "requires": {
        "marked": "^0.8.0"
      }
    },
    "marked": {
      "version": "0.8.0",
      "resolved": "https://registry.npmjs.org/marked/-/marked-0.8.0.tgz",
      "integrity": "sha512-MyUe+T/Pw4TZufHkzAfDj6HarCBWia2y27/bhuYkTaiUnfDYFnCP3KUN+9oM7Wi6JA2rymtVYbQu3spE0GCmxQ=="
    }
  }
}
